// !$*UTF8*$!
{
	archiveVersion = 1;
	classes = {
	};
	objectVersion = 46;
	objects = {

/* Begin PBXBuildFile section */
		40C33BB01AF0D36300C45B37 /* AppDelegate.swift in Sources */ = {isa = PBXBuildFile; fileRef = 40C33BAF1AF0D36300C45B37 /* AppDelegate.swift */; };
		40C33BB21AF0D36300C45B37 /* ViewController.swift in Sources */ = {isa = PBXBuildFile; fileRef = 40C33BB11AF0D36300C45B37 /* ViewController.swift */; };
		40C33BB51AF0D36300C45B37 /* Main.storyboard in Resources */ = {isa = PBXBuildFile; fileRef = 40C33BB31AF0D36300C45B37 /* Main.storyboard */; };
		40C33BB71AF0D36300C45B37 /* Images.xcassets in Resources */ = {isa = PBXBuildFile; fileRef = 40C33BB61AF0D36300C45B37 /* Images.xcassets */; };
		40C33BBA1AF0D36300C45B37 /* LaunchScreen.xib in Resources */ = {isa = PBXBuildFile; fileRef = 40C33BB81AF0D36300C45B37 /* LaunchScreen.xib */; };
		40C33BC61AF0D36300C45B37 /* HotGirlsTests.swift in Sources */ = {isa = PBXBuildFile; fileRef = 40C33BC51AF0D36300C45B37 /* HotGirlsTests.swift */; };
/* End PBXBuildFile section */

/* Begin PBXContainerItemProxy section */
		40C33BC01AF0D36300C45B37 /* PBXContainerItemProxy */ = {
			isa = PBXContainerItemProxy;
			containerPortal = 40C33BA21AF0D36300C45B37 /* Project object */;
			proxyType = 1;
			remoteGlobalIDString = 40C33BA91AF0D36300C45B37;
			remoteInfo = HotGirls;
		};
/* End PBXContainerItemProxy section */

/* Begin PBXFileReference section */
		40C33BAA1AF0D36300C45B37 /* HotGirls.app */ = {isa = PBXFileReference; explicitFileType = wrapper.application; includeInIndex = 0; path = HotGirls.app; sourceTree = BUILT_PRODUCTS_DIR; };
		40C33BAE1AF0D36300C45B37 /* Info.plist */ = {isa = PBXFileReference; lastKnownFileType = text.plist.xml; path = Info.plist; sourceTree = "<group>"; };
		40C33BAF1AF0D36300C45B37 /* AppDelegate.swift */ = {isa = PBXFileReference; lastKnownFileType = sourcecode.swift; path = AppDelegate.swift; sourceTree = "<group>"; };
		40C33BB11AF0D36300C45B37 /* ViewController.swift */ = {isa = PBXFileReference; lastKnownFileType = sourcecode.swift; path = ViewController.swift; sourceTree = "<group>"; };
		40C33BB41AF0D36300C45B37 /* Base */ = {isa = PBXFileReference; lastKnownFileType = file.storyboard; name = Base; path = Base.lproj/Main.storyboard; sourceTree = "<group>"; };
		40C33BB61AF0D36300C45B37 /* Images.xcassets */ = {isa = PBXFileReference; lastKnownFileType = folder.assetcatalog; path = Images.xcassets; sourceTree = "<group>"; };
		40C33BB91AF0D36300C45B37 /* Base */ = {isa = PBXFileReference; lastKnownFileType = file.xib; name = Base; path = Base.lproj/LaunchScreen.xib; sourceTree = "<group>"; };
		40C33BBF1AF0D36300C45B37 /* HotGirlsTests.xctest */ = {isa = PBXFileReference; explicitFileType = wrapper.cfbundle; includeInIndex = 0; path = HotGirlsTests.xctest; sourceTree = BUILT_PRODUCTS_DIR; };
		40C33BC41AF0D36300C45B37 /* Info.plist */ = {isa = PBXFileReference; lastKnownFileType = text.plist.xml; path = Info.plist; sourceTree = "<group>"; };
		40C33BC51AF0D36300C45B37 /* HotGirlsTests.swift */ = {isa = PBXFileReference; lastKnownFileType = sourcecode.swift; path = HotGirlsTests.swift; sourceTree = "<group>"; };
/* End PBXFileReference section */

/* Begin PBXFrameworksBuildPhase section */
		40C33BA71AF0D36300C45B37 /* Frameworks */ = {
			isa = PBXFrameworksBuildPhase;
			buildActionMask = 2147483647;
			files = (
			);
			runOnlyForDeploymentPostprocessing = 0;
		};
		40C33BBC1AF0D36300C45B37 /* Frameworks */ = {
			isa = PBXFrameworksBuildPhase;
			buildActionMask = 2147483647;
			files = (
			);
			runOnlyForDeploymentPostprocessing = 0;
		};
/* End PBXFrameworksBuildPhase section */

/* Begin PBXGroup section */
		40C33BA11AF0D36300C45B37 = {
			isa = PBXGroup;
			children = (
				40C33BAC1AF0D36300C45B37 /* HotGirls */,
				40C33BC21AF0D36300C45B37 /* HotGirlsTests */,
				40C33BAB1AF0D36300C45B37 /* Products */,
			);
			sourceTree = "<group>";
		};
		40C33BAB1AF0D36300C45B37 /* Products */ = {
			isa = PBXGroup;
			children = (
				40C33BAA1AF0D36300C45B37 /* HotGirls.app */,
				40C33BBF1AF0D36300C45B37 /* HotGirlsTests.xctest */,
			);
			name = Products;
			sourceTree = "<group>";
		};
		40C33BAC1AF0D36300C45B37 /* HotGirls */ = {
			isa = PBXGroup;
			children = (
				40C33BAF1AF0D36300C45B37 /* AppDelegate.swift */,
				40C33BB11AF0D36300C45B37 /* ViewController.swift */,
				40C33BB31AF0D36300C45B37 /* Main.storyboard */,
				40C33BB61AF0D36300C45B37 /* Images.xcassets */,
				40C33BB81AF0D36300C45B37 /* LaunchScreen.xib */,
				40C33BAD1AF0D36300C45B37 /* Supporting Files */,
			);
			path = HotGirls;
			sourceTree = "<group>";
		};
		40C33BAD1AF0D36300C45B37 /* Supporting Files */ = {
			isa = PBXGroup;
			children = (
				40C33BAE1AF0D36300C45B37 /* Info.plist */,
			);
			name = "Supporting Files";
			sourceTree = "<group>";
		};
		40C33BC21AF0D36300C45B37 /* HotGirlsTests */ = {
			isa = PBXGroup;
			children = (
				40C33BC51AF0D36300C45B37 /* HotGirlsTests.swift */,
				40C33BC31AF0D36300C45B37 /* Supporting Files */,
			);
			path = HotGirlsTests;
			sourceTree = "<group>";
		};
		40C33BC31AF0D36300C45B37 /* Supporting Files */ = {
			isa = PBXGroup;
			children = (
				40C33BC41AF0D36300C45B37 /* Info.plist */,
			);
			name = "Supporting Files";
			sourceTree = "<group>";
		};
/* End PBXGroup section */

/* Begin PBXNativeTarget section */
		40C33BA91AF0D36300C45B37 /* HotGirls */ = {
			isa = PBXNativeTarget;
			buildConfigurationList = 40C33BC91AF0D36300C45B37 /* Build configuration list for PBXNativeTarget "HotGirls" */;
			buildPhases = (
				40C33BA61AF0D36300C45B37 /* Sources */,
				40C33BA71AF0D36300C45B37 /* Frameworks */,
				40C33BA81AF0D36300C45B37 /* Resources */,
			);
			buildRules = (
			);
			dependencies = (
			);
			name = HotGirls;
			productName = HotGirls;
			productReference = 40C33BAA1AF0D36300C45B37 /* HotGirls.app */;
			productType = "com.apple.product-type.application";
		};
		40C33BBE1AF0D36300C45B37 /* HotGirlsTests */ = {
			isa = PBXNativeTarget;
			buildConfigurationList = 40C33BCC1AF0D36300C45B37 /* Build configuration list for PBXNativeTarget "HotGirlsTests" */;
			buildPhases = (
				40C33BBB1AF0D36300C45B37 /* Sources */,
				40C33BBC1AF0D36300C45B37 /* Frameworks */,
				40C33BBD1AF0D36300C45B37 /* Resources */,
			);
			buildRules = (
			);
			dependencies = (
				40C33BC11AF0D36300C45B37 /* PBXTargetDependency */,
			);
			name = HotGirlsTests;
			productName = HotGirlsTests;
			productReference = 40C33BBF1AF0D36300C45B37 /* HotGirlsTests.xctest */;
			productType = "com.apple.product-type.bundle.unit-test";
		};
/* End PBXNativeTarget section */

/* Begin PBXProject section */
		40C33BA21AF0D36300C45B37 /* Project object */ = {
			isa = PBXProject;
			attributes = {
				LastUpgradeCheck = 0630;
				ORGANIZATIONNAME = "臧其龙";
				TargetAttributes = {
					40C33BA91AF0D36300C45B37 = {
						CreatedOnToolsVersion = 6.3.1;
					};
					40C33BBE1AF0D36300C45B37 = {
						CreatedOnToolsVersion = 6.3.1;
						TestTargetID = 40C33BA91AF0D36300C45B37;
					};
				};
			};
			buildConfigurationList = 40C33BA51AF0D36300C45B37 /* Build configuration list for PBXProject "HotGirls" */;
			compatibilityVersion = "Xcode 3.2";
			developmentRegion = English;
			hasScannedForEncodings = 0;
			knownRegions = (
				en,
				Base,
			);
			mainGroup = 40C33BA11AF0D36300C45B37;
			productRefGroup = 40C33BAB1AF0D36300C45B37 /* Products */;
			projectDirPath = "";
			projectRoot = "";
			targets = (
				40C33BA91AF0D36300C45B37 /* HotGirls */,
				40C33BBE1AF0D36300C45B37 /* HotGirlsTests */,
			);
		};
/* End PBXProject section */

/* Begin PBXResourcesBuildPhase section */
		40C33BA81AF0D36300C45B37 /* Resources */ = {
			isa = PBXResourcesBuildPhase;
			buildActionMask = 2147483647;
			files = (
				40C33BB51AF0D36300C45B37 /* Main.storyboard in Resources */,
				40C33BBA1AF0D36300C45B37 /* LaunchScreen.xib in Resources */,
				40C33BB71AF0D36300C45B37 /* Images.xcassets in Resources */,
			);
			runOnlyForDeploymentPostprocessing = 0;
		};
		40C33BBD1AF0D36300C45B37 /* Resources */ = {
			isa = PBXResourcesBuildPhase;
			buildActionMask = 2147483647;
			files = (
			);
			runOnlyForDeploymentPostprocessing = 0;
		};
/* End PBXResourcesBuildPhase section */

/* Begin PBXSourcesBuildPhase section */
		40C33BA61AF0D36300C45B37 /* Sources */ = {
			isa = PBXSourcesBuildPhase;
			buildActionMask = 2147483647;
			files = (
				40C33BB21AF0D36300C45B37 /* ViewController.swift in Sources */,
				40C33BB01AF0D36300C45B37 /* AppDelegate.swift in Sources */,
			);
			runOnlyForDeploymentPostprocessing = 0;
		};
		40C33BBB1AF0D36300C45B37 /* Sources */ = {
			isa = PBXSourcesBuildPhase;
			buildActionMask = 2147483647;
			files = (
				40C33BC61AF0D36300C45B37 /* HotGirlsTests.swift in Sources */,
			);
			runOnlyForDeploymentPostprocessing = 0;
		};
/* End PBXSourcesBuildPhase section */

/* Begin PBXTargetDependency section */
		40C33BC11AF0D36300C45B37 /* PBXTargetDependency */ = {
			isa = PBXTargetDependency;
			target = 40C33BA91AF0D36300C45B37 /* HotGirls */;
			targetProxy = 40C33BC01AF0D36300C45B37 /* PBXContainerItemProxy */;
		};
/* End PBXTargetDependency section */

/* Begin PBXVariantGroup section */
		40C33BB31AF0D36300C45B37 /* Main.storyboard */ = {
			isa = PBXVariantGroup;
			children = (
				40C33BB41AF0D36300C45B37 /* Base */,
			);
			name = Main.storyboard;
			sourceTree = "<group>";
		};
		40C33BB81AF0D36300C45B37 /* LaunchScreen.xib */ = {
			isa = PBXVariantGroup;
			children = (
				40C33BB91AF0D36300C45B37 /* Base */,
			);
			name = LaunchScreen.xib;
			sourceTree = "<group>";
		};
/* End PBXVariantGroup section */

/* Begin XCBuildConfiguration section */
		40C33BC71AF0D36300C45B37 /* Debug */ = {
			isa = XCBuildConfiguration;
			buildSettings = {
				ALWAYS_SEARCH_USER_PATHS = NO;
				CLANG_CXX_LANGUAGE_STANDARD = "gnu++0x";
				CLANG_CXX_LIBRARY = "libc++";
				CLANG_ENABLE_MODULES = YES;
				CLANG_ENABLE_OBJC_ARC = YES;
				CLANG_WARN_BOOL_CONVERSION = YES;
				CLANG_WARN_CONSTANT_CONVERSION = YES;
				CLANG_WARN_DIRECT_OBJC_ISA_USAGE = YES_ERROR;
				CLANG_WARN_EMPTY_BODY = YES;
				CLANG_WARN_ENUM_CONVERSION = YES;
				CLANG_WARN_INT_CONVERSION = YES;
				CLANG_WARN_OBJC_ROOT_CLASS = YES_ERROR;
				CLANG_WARN_UNREACHABLE_CODE = YES;
				CLANG_WARN__DUPLICATE_METHOD_MATCH = YES;
				"CODE_SIGN_IDENTITY[sdk=iphoneos*]" = "iPhone Developer";
				COPY_PHASE_STRIP = NO;
				DEBUG_INFORMATION_FORMAT = "dwarf-with-dsym";
				ENABLE_STRICT_OBJC_MSGSEND = YES;
				GCC_C_LANGUAGE_STANDARD = gnu99;
				GCC_DYNAMIC_NO_PIC = NO;
				GCC_NO_COMMON_BLOCKS = YES;
				GCC_OPTIMIZATION_LEVEL = 0;
				GCC_PREPROCESSOR_DEFINITIONS = (
					"DEBUG=1",
					"$(inherited)",
				);
				GCC_SYMBOLS_PRIVATE_EXTERN = NO;
				GCC_WARN_64_TO_32_BIT_CONVERSION = YES;
				GCC_WARN_ABOUT_RETURN_TYPE = YES_ERROR;
				GCC_WARN_UNDECLARED_SELECTOR = YES;
				GCC_WARN_UNINITIALIZED_AUTOS = YES_AGGRESSIVE;
				GCC_WARN_UNUSED_FUNCTION = YES;
				GCC_WARN_UNUSED_VARIABLE = YES;
				IPHONEOS_DEPLOYMENT_TARGET = 8.3;
				MTL_ENABLE_DEBUG_INFO = YES;
				ONLY_ACTIVE_ARCH = YES;
				SDKROOT = iphoneos;
				SWIFT_OPTIMIZATION_LEVEL = "-Onone";
				TARGETED_DEVICE_FAMILY = "1,2";
			};
			name = Debug;
		};
		40C33BC81AF0D36300C45B37 /* Release */ = {
			isa = XCBuildConfiguration;
			buildSettings = {
				ALWAYS_SEARCH_USER_PATHS = NO;
				CLANG_CXX_LANGUAGE_STANDARD = "gnu++0x";
				CLANG_CXX_LIBRARY = "libc++";
				CLANG_ENABLE_MODULES = YES;
				CLANG_ENABLE_OBJC_ARC = YES;
				CLANG_WARN_BOOL_CONVERSION = YES;
				CLANG_WARN_CONSTANT_CONVERSION = YES;
				CLANG_WARN_DIRECT_OBJC_ISA_USAGE = YES_ERROR;
				CLANG_WARN_EMPTY_BODY = YES;
				CLANG_WARN_ENUM_CONVERSION = YES;
				CLANG_WARN_INT_CONVERSION = YES;
				CLANG_WARN_OBJC_ROOT_CLASS = YES_ERROR;
				CLANG_WARN_UNREACHABLE_CODE = YES;
				CLANG_WARN__DUPLICATE_METHOD_MATCH = YES;
				"CODE_SIGN_IDENTITY[sdk=iphoneos*]" = "iPhone Developer";
				COPY_PHASE_STRIP = NO;
				DEBUG_INFORMATION_FORMAT = "dwarf-with-dsym";
				ENABLE_NS_ASSERTIONS = NO;
				ENABLE_STRICT_OBJC_MSGSEND = YES;
				GCC_C_LANGUAGE_STANDARD = gnu99;
				GCC_NO_COMMON_BLOCKS = YES;
				GCC_WARN_64_TO_32_BIT_CONVERSION = YES;
				GCC_WARN_ABOUT_RETURN_TYPE = YES_ERROR;
				GCC_WARN_UNDECLARED_SELECTOR = YES;
				GCC_WARN_UNINITIALIZED_AUTOS = YES_AGGRESSIVE;
				GCC_WARN_UNUSED_FUNCTION = YES;
				GCC_WARN_UNUSED_VARIABLE = YES;
				IPHONEOS_DEPLOYMENT_TARGET = 8.3;
				MTL_ENABLE_DEBUG_INFO = NO;
				SDKROOT = iphoneos;
				TARGETED_DEVICE_FAMILY = "1,2";
				VALIDATE_PRODUCT = YES;
			};
			name = Release;
		};
		40C33BCA1AF0D36300C45B37 /* Debug */ = {
			isa = XCBuildConfiguration;
			buildSettings = {
				ASSETCATALOG_COMPILER_APPICON_NAME = AppIcon;
				INFOPLIST_FILE = HotGirls/Info.plist;
				LD_RUNPATH_SEARCH_PATHS = "$(inherited) @executable_path/Frameworks";
				PRODUCT_NAME = "$(TARGET_NAME)";
			};
			name = Debug;
		};
		40C33BCB1AF0D36300C45B37 /* Release */ = {
			isa = XCBuildConfiguration;
			buildSettings = {
				ASSETCATALOG_COMPILER_APPICON_NAME = AppIcon;
				INFOPLIST_FILE = HotGirls/Info.plist;
				LD_RUNPATH_SEARCH_PATHS = "$(inherited) @executable_path/Frameworks";
				PRODUCT_NAME = "$(TARGET_NAME)";
			};
			name = Release;
		};
		40C33BCD1AF0D36300C45B37 /* Debug */ = {
			isa = XCBuildConfiguration;
			buildSettings = {
				BUNDLE_LOADER = "$(TEST_HOST)";
				FRAMEWORK_SEARCH_PATHS = (
					"$(SDKROOT)/Developer/Library/Frameworks",
					"$(inherited)",
				);
				GCC_PREPROCESSOR_DEFINITIONS = (
					"DEBUG=1",
					"$(inherited)",
				);
				INFOPLIST_FILE = HotGirlsTests/Info.plist;
				LD_RUNPATH_SEARCH_PATHS = "$(inherited) @executable_path/Frameworks @loader_path/Frameworks";
				PRODUCT_NAME = "$(TARGET_NAME)";
				TEST_HOST = "$(BUILT_PRODUCTS_DIR)/HotGirls.app/HotGirls";
			};
			name = Debug;
		};
		40C33BCE1AF0D36300C45B37 /* Release */ = {
			isa = XCBuildConfiguration;
			buildSettings = {
				BUNDLE_LOADER = "$(TEST_HOST)";
				FRAMEWORK_SEARCH_PATHS = (
					"$(SDKROOT)/Developer/Library/Frameworks",
					"$(inherited)",
				);
				INFOPLIST_FILE = HotGirlsTests/Info.plist;
				LD_RUNPATH_SEARCH_PATHS = "$(inherited) @executable_path/Frameworks @loader_path/Frameworks";
				PRODUCT_NAME = "$(TARGET_NAME)";
				TEST_HOST = "$(BUILT_PRODUCTS_DIR)/HotGirls.app/HotGirls";
			};
			name = Release;
		};
/* End XCBuildConfiguration section */

/* Begin XCConfigurationList section */
		40C33BA51AF0D36300C45B37 /* Build configuration list for PBXProject "HotGirls" */ = {
			isa = XCConfigurationList;
			buildConfigurations = (
				40C33BC71AF0D36300C45B37 /* Debug */,
				40C33BC81AF0D36300C45B37 /* Release */,
			);
			defaultConfigurationIsVisible = 0;
			defaultConfigurationName = Release;
		};
		40C33BC91AF0D36300C45B37 /* Build configuration list for PBXNativeTarget "HotGirls" */ = {
			isa = XCConfigurationList;
			buildConfigurations = (
				40C33BCA1AF0D36300C45B37 /* Debug */,
				40C33BCB1AF0D36300C45B37 /* Release */,
			);
			defaultConfigurationIsVisible = 0;
		};
		40C33BCC1AF0D36300C45B37 /* Build configuration list for PBXNativeTarget "HotGirlsTests" */ = {
			isa = XCConfigurationList;
			buildConfigurations = (
				40C33BCD1AF0D36300C45B37 /* Debug */,
				40C33BCE1AF0D36300C45B37 /* Release */,
			);
			defaultConfigurationIsVisible = 0;
		};
/* End XCConfigurationList section */
	};
	rootObject = 40C33BA21AF0D36300C45B37 /* Project object */;
}
